
Microsoft Visual Studio Solution File, Format Version 12.00
# Visual Studio Version 17
VisualStudioVersion = 17.2.32616.157
MinimumVisualStudioVersion = 10.0.40219.1
Project("{8BC9CEB8-8B4A-11D0-8D11-00A0C91BC942}") = "SubscaleGPU", "SubscaleGPU\SubscaleGPU.vcxproj", "{7B30629F-9667-4CEE-AB1C-3A994DC886DE}"
EndProject
Project("{FAE04EC0-301F-11D3-BF4B-00C04F79EFBC}") = "SubscaleGUI", "SubscaleGUI\SubscaleGUI.csproj", "{13538B77-3C6E-4C64-851F-1815AAED644F}"
EndProject
Global
	GlobalSection(SolutionConfigurationPlatforms) = preSolution
		Debug|Any CPU = Debug|Any CPU
		Debug|x64 = Debug|x64
		Release|Any CPU = Release|Any CPU
		Release|x64 = Release|x64
	EndGlobalSection
	GlobalSection(ProjectConfigurationPlatforms) = postSolution
		{7B30629F-9667-4CEE-AB1C-3A994DC886DE}.Debug|Any CPU.ActiveCfg = Debug|x64
		{7B30629F-9667-4CEE-AB1C-3A994DC886DE}.Debug|Any CPU.Build.0 = Debug|x64
		{7B30629F-9667-4CEE-AB1C-3A994DC886DE}.Debug|x64.ActiveCfg = Debug|x64
		{7B30629F-9667-4CEE-AB1C-3A994DC886DE}.Debug|x64.Build.0 = Debug|x64
		{7B30629F-9667-4CEE-AB1C-3A994DC886DE}.Release|Any CPU.ActiveCfg = Release|x64
		{7B30629F-9667-4CEE-AB1C-3A994DC886DE}.Release|Any CPU.Build.0 = Release|x64
		{7B30629F-9667-4CEE-AB1C-3A994DC886DE}.Release|x64.ActiveCfg = Release|x64
		{7B30629F-9667-4CEE-AB1C-3A994DC886DE}.Release|x64.Build.0 = Release|x64
		{13538B77-3C6E-4C64-851F-1815AAED644F}.Debug|Any CPU.ActiveCfg = Debug|Any CPU
		{13538B77-3C6E-4C64-851F-1815AAED644F}.Debug|Any CPU.Build.0 = Debug|Any CPU
		{13538B77-3C6E-4C64-851F-1815AAED644F}.Debug|x64.ActiveCfg = Debug|Any CPU
		{13538B77-3C6E-4C64-851F-1815AAED644F}.Debug|x64.Build.0 = Debug|Any CPU
		{13538B77-3C6E-4C64-851F-1815AAED644F}.Release|Any CPU.ActiveCfg = Release|Any CPU
		{13538B77-3C6E-4C64-851F-1815AAED644F}.Release|Any CPU.Build.0 = Release|Any CPU
		{13538B77-3C6E-4C64-851F-1815AAED644F}.Release|x64.ActiveCfg = Release|Any CPU
		{13538B77-3C6E-4C64-851F-1815AAED644F}.Release|x64.Build.0 = Release|Any CPU
	EndGlobalSection
	GlobalSection(SolutionProperties) = preSolution
		HideSolutionNode = FALSE
	EndGlobalSection
	GlobalSection(ExtensibilityGlobals) = postSolution
		SolutionGuid = {343A4438-8E23-4FD9-B21B-6CCFBD452240}
	EndGlobalSection
EndGlobal
